
Microsoft Visual Studio Solution File, Format Version 12.00
# Visual Studio 15
Project("{2150E333-8FDC-42A3-9474-1A3956D46DE8}") = "Database", "Database", "{A772B06A-D74D-4937-9271-F13779C038D0}"
	ProjectSection(SolutionItems) = preProject
		Database\install.sql = Database\install.sql
	EndProjectSection
EndProject
Project("{2150E333-8FDC-42A3-9474-1A3956D46DE8}") = "Solution Items", "Solution Items", "{A1AEBA76-64DA-47BA-9F45-4957FDC5F4ED}"
	ProjectSection(SolutionItems) = preProject
		global.json = global.json
		run_test.sh = run_test.sh
		run_test_with_lib_released.sh = run_test_with_lib_released.sh
		run_test_with_lib_fixed.sh = run_test_with_lib_fixed.sh
	EndProjectSection
EndProject
Project("{FAE04EC0-301F-11D3-BF4B-00C04F79EFBC}") = "ProjectWithLibReleased", "ProjectWithLibReleased\ProjectWithLibReleased.csproj", "{0893B2F1-C11E-4564-8262-BC1E52B79714}"
EndProject
Project("{FAE04EC0-301F-11D3-BF4B-00C04F79EFBC}") = "ProjectWithLibFixed", "ProjectWithLibFixed\ProjectWithLibFixed.csproj", "{D069EA54-DF50-4729-A890-72DC359B1486}"
EndProject
Global
	GlobalSection(SolutionConfigurationPlatforms) = preSolution
		Debug|Any CPU = Debug|Any CPU
		Release|Any CPU = Release|Any CPU
	EndGlobalSection
	GlobalSection(ProjectConfigurationPlatforms) = postSolution
		{0893B2F1-C11E-4564-8262-BC1E52B79714}.Debug|Any CPU.ActiveCfg = Debug|Any CPU
		{0893B2F1-C11E-4564-8262-BC1E52B79714}.Debug|Any CPU.Build.0 = Debug|Any CPU
		{0893B2F1-C11E-4564-8262-BC1E52B79714}.Release|Any CPU.ActiveCfg = Release|Any CPU
		{0893B2F1-C11E-4564-8262-BC1E52B79714}.Release|Any CPU.Build.0 = Release|Any CPU
		{D069EA54-DF50-4729-A890-72DC359B1486}.Debug|Any CPU.ActiveCfg = Debug|Any CPU
		{D069EA54-DF50-4729-A890-72DC359B1486}.Debug|Any CPU.Build.0 = Debug|Any CPU
		{D069EA54-DF50-4729-A890-72DC359B1486}.Release|Any CPU.ActiveCfg = Release|Any CPU
		{D069EA54-DF50-4729-A890-72DC359B1486}.Release|Any CPU.Build.0 = Release|Any CPU
	EndGlobalSection
	GlobalSection(NestedProjects) = preSolution
	EndGlobalSection
EndGlobal
